
Microsoft Visual Studio Solution File, Format Version 12.00
# Visual Studio Version 17
VisualStudioVersion = 17.3.32929.385
MinimumVisualStudioVersion = 10.0.40219.1
Project("{9A19103F-16F7-4668-BE54-9A1E7A4F7556}") = "PrismWPF", "PrismWPF\PrismWPF.csproj", "{22CD6A22-1141-4F71-BCAC-B009F4B44E57}"
EndProject
Project("{FAE04EC0-301F-11D3-BF4B-00C04F79EFBC}") = "WebModule", "WebModule\WebModule.csproj", "{8B0C243D-B096-4509-8697-82FB4744FAEB}"
EndProject
Global
	GlobalSection(SolutionConfigurationPlatforms) = preSolution
		Debug|Any CPU = Debug|Any CPU
		Release|Any CPU = Release|Any CPU
	EndGlobalSection
	GlobalSection(ProjectConfigurationPlatforms) = postSolution
		{22CD6A22-1141-4F71-BCAC-B009F4B44E57}.Debug|Any CPU.ActiveCfg = Debug|Any CPU
		{22CD6A22-1141-4F71-BCAC-B009F4B44E57}.Debug|Any CPU.Build.0 = Debug|Any CPU
		{22CD6A22-1141-4F71-BCAC-B009F4B44E57}.Release|Any CPU.ActiveCfg = Release|Any CPU
		{22CD6A22-1141-4F71-BCAC-B009F4B44E57}.Release|Any CPU.Build.0 = Release|Any CPU
		{8B0C243D-B096-4509-8697-82FB4744FAEB}.Debug|Any CPU.ActiveCfg = Debug|Any CPU
		{8B0C243D-B096-4509-8697-82FB4744FAEB}.Debug|Any CPU.Build.0 = Debug|Any CPU
		{8B0C243D-B096-4509-8697-82FB4744FAEB}.Release|Any CPU.ActiveCfg = Release|Any CPU
		{8B0C243D-B096-4509-8697-82FB4744FAEB}.Release|Any CPU.Build.0 = Release|Any CPU
	EndGlobalSection
	GlobalSection(SolutionProperties) = preSolution
		HideSolutionNode = FALSE
	EndGlobalSection
	GlobalSection(ExtensibilityGlobals) = postSolution
		SolutionGuid = {F9E8768E-D3AE-40E7-990D-95231726AE1B}
	EndGlobalSection
EndGlobal
